
Microsoft Visual Studio Solution File, Format Version 12.00
# Visual Studio 15
VisualStudioVersion = 15.0.28010.2046
MinimumVisualStudioVersion = 10.0.40219.1
Project("{FAE04EC0-301F-11D3-BF4B-00C04F79EFBC}") = "UniversalAnimeDownloader", "UniversalAnimeDownloader\UniversalAnimeDownloader.csproj", "{1E756401-75B4-4C12-9773-5E86E464A3CD}"
EndProject
Project("{FAE04EC0-301F-11D3-BF4B-00C04F79EFBC}") = "uadcorelib", "..\UniversalAnimeDownloaderCoreLibrary\uadcorelib\uadcorelib.csproj", "{60E43B25-3593-4FAB-9BE7-8B839B9E6A0D}"
EndProject
Global
	GlobalSection(SolutionConfigurationPlatforms) = preSolution
		Debug|Any CPU = Debug|Any CPU
		Release|Any CPU = Release|Any CPU
	EndGlobalSection
	GlobalSection(ProjectConfigurationPlatforms) = postSolution
		{1E756401-75B4-4C12-9773-5E86E464A3CD}.Debug|Any CPU.ActiveCfg = Debug|Any CPU
		{1E756401-75B4-4C12-9773-5E86E464A3CD}.Debug|Any CPU.Build.0 = Debug|Any CPU
		{1E756401-75B4-4C12-9773-5E86E464A3CD}.Release|Any CPU.ActiveCfg = Release|Any CPU
		{1E756401-75B4-4C12-9773-5E86E464A3CD}.Release|Any CPU.Build.0 = Release|Any CPU
		{60E43B25-3593-4FAB-9BE7-8B839B9E6A0D}.Debug|Any CPU.ActiveCfg = Debug|Any CPU
		{60E43B25-3593-4FAB-9BE7-8B839B9E6A0D}.Debug|Any CPU.Build.0 = Debug|Any CPU
		{60E43B25-3593-4FAB-9BE7-8B839B9E6A0D}.Release|Any CPU.ActiveCfg = Release|Any CPU
		{60E43B25-3593-4FAB-9BE7-8B839B9E6A0D}.Release|Any CPU.Build.0 = Release|Any CPU
	EndGlobalSection
	GlobalSection(SolutionProperties) = preSolution
		HideSolutionNode = FALSE
	EndGlobalSection
	GlobalSection(ExtensibilityGlobals) = postSolution
		SolutionGuid = {56DEB885-C19F-4D38-9A0C-C3001B64DDDE}
	EndGlobalSection
EndGlobal
